
Microsoft Visual Studio Solution File, Format Version 12.00
# Visual Studio Version 17
VisualStudioVersion = 17.9.34622.214
MinimumVisualStudioVersion = 10.0.40219.1
Project("{FAE04EC0-301F-11D3-BF4B-00C04F79EFBC}") = "weatherforecast-webapi-dotnet6-iac", "weatherforecast-webapi-dotnet6-iac.csproj", "{50BCB6ED-F5B3-486C-B71F-61E565115AE3}"
EndProject
Global
	GlobalSection(SolutionConfigurationPlatforms) = preSolution
		Debug|Any CPU = Debug|Any CPU
		Release|Any CPU = Release|Any CPU
	EndGlobalSection
	GlobalSection(ProjectConfigurationPlatforms) = postSolution
		{50BCB6ED-F5B3-486C-B71F-61E565115AE3}.Debug|Any CPU.ActiveCfg = Debug|Any CPU
		{50BCB6ED-F5B3-486C-B71F-61E565115AE3}.Debug|Any CPU.Build.0 = Debug|Any CPU
		{50BCB6ED-F5B3-486C-B71F-61E565115AE3}.Release|Any CPU.ActiveCfg = Release|Any CPU
		{50BCB6ED-F5B3-486C-B71F-61E565115AE3}.Release|Any CPU.Build.0 = Release|Any CPU
	EndGlobalSection
	GlobalSection(SolutionProperties) = preSolution
		HideSolutionNode = FALSE
	EndGlobalSection
	GlobalSection(ExtensibilityGlobals) = postSolution
		SolutionGuid = {83768917-A5ED-4D4B-995D-CEE89C4CDF9A}
	EndGlobalSection
EndGlobal
